// !$*UTF8*$!
{
	archiveVersion = 1;
	classes = {
	};
	objectVersion = 56;
	objects = {

/* Begin PBXBuildFile section */
		F402C00C2ABDAFA800B5EDED /* OpacityTransitionModifier.swift in Sources */ = {isa = PBXBuildFile; fileRef = F402C00B2ABDAFA800B5EDED /* OpacityTransitionModifier.swift */; };
		F402C00E2ABDEAF500B5EDED /* Layout.swift in Sources */ = {isa = PBXBuildFile; fileRef = F402C00D2ABDEAF500B5EDED /* Layout.swift */; };
		F402C0102ABDF34300B5EDED /* HeaderView.swift in Sources */ = {isa = PBXBuildFile; fileRef = F402C00F2ABDF34300B5EDED /* HeaderView.swift */; };
		F402C0132ABE1E2300B5EDED /* MovieDetailView.swift in Sources */ = {isa = PBXBuildFile; fileRef = F402C0122ABE1E2300B5EDED /* MovieDetailView.swift */; };
		F402C0172ABE1E6600B5EDED /* MovieDetailViewModel.swift in Sources */ = {isa = PBXBuildFile; fileRef = F402C0162ABE1E6600B5EDED /* MovieDetailViewModel.swift */; };
		F42F4E7B2ABB8F8400C607F6 /* LaunchScreen.storyboard in Resources */ = {isa = PBXBuildFile; fileRef = F42F4E7A2ABB8F8400C607F6 /* LaunchScreen.storyboard */; };
		F45097F62AA7AEA400B4CFC6 /* EnvironmentKeys.swift in Sources */ = {isa = PBXBuildFile; fileRef = F45097F52AA7AEA400B4CFC6 /* EnvironmentKeys.swift */; };
		F48151962AA623C8001B3640 /* MoviesApp.swift in Sources */ = {isa = PBXBuildFile; fileRef = F48151952AA623C8001B3640 /* MoviesApp.swift */; };
		F48151982AA623C8001B3640 /* HomeView.swift in Sources */ = {isa = PBXBuildFile; fileRef = F48151972AA623C8001B3640 /* HomeView.swift */; };
		F481519A2AA623C9001B3640 /* Assets.xcassets in Resources */ = {isa = PBXBuildFile; fileRef = F48151992AA623C9001B3640 /* Assets.xcassets */; };
		F481519D2AA623C9001B3640 /* Assets.xcassets in Resources */ = {isa = PBXBuildFile; fileRef = F481519C2AA623C9001B3640 /* Assets.xcassets */; };
		F48151A72AA624DA001B3640 /* Movie.swift in Sources */ = {isa = PBXBuildFile; fileRef = F48151A62AA624DA001B3640 /* Movie.swift */; };
		F48151A92AA62572001B3640 /* MovieListResponse.swift in Sources */ = {isa = PBXBuildFile; fileRef = F48151A82AA62572001B3640 /* MovieListResponse.swift */; };
		F48151AC2AA629DC001B3640 /* Network.swift in Sources */ = {isa = PBXBuildFile; fileRef = F48151AB2AA629DC001B3640 /* Network.swift */; };
		F48151AF2AA62A25001B3640 /* Alamofire in Frameworks */ = {isa = PBXBuildFile; productRef = F48151AE2AA62A25001B3640 /* Alamofire */; };
		F48151B12AA62B26001B3640 /* Endpoint.swift in Sources */ = {isa = PBXBuildFile; fileRef = F48151B02AA62B26001B3640 /* Endpoint.swift */; };
		F48151B32AA62C62001B3640 /* EndpointPath.swift in Sources */ = {isa = PBXBuildFile; fileRef = F48151B22AA62C62001B3640 /* EndpointPath.swift */; };
		F48151B92AA62E0B001B3640 /* Extensions.swift in Sources */ = {isa = PBXBuildFile; fileRef = F48151B82AA62E0B001B3640 /* Extensions.swift */; };
		F48151BE2AA63B94001B3640 /* Routable.swift in Sources */ = {isa = PBXBuildFile; fileRef = F48151BD2AA63B94001B3640 /* Routable.swift */; };
		F48151C32AA66664001B3640 /* MoviesViewModel.swift in Sources */ = {isa = PBXBuildFile; fileRef = F48151C22AA66664001B3640 /* MoviesViewModel.swift */; };
		F48151C82AA67955001B3640 /* MovieCaruselView.swift in Sources */ = {isa = PBXBuildFile; fileRef = F48151C72AA67955001B3640 /* MovieCaruselView.swift */; };
		F48151CB2AA681EB001B3640 /* Nuke in Frameworks */ = {isa = PBXBuildFile; productRef = F48151CA2AA681EB001B3640 /* Nuke */; };
		F48151CD2AA681EB001B3640 /* NukeExtensions in Frameworks */ = {isa = PBXBuildFile; productRef = F48151CC2AA681EB001B3640 /* NukeExtensions */; };
		F48151CF2AA681EB001B3640 /* NukeUI in Frameworks */ = {isa = PBXBuildFile; productRef = F48151CE2AA681EB001B3640 /* NukeUI */; };
		F48151D12AA681EB001B3640 /* NukeVideo in Frameworks */ = {isa = PBXBuildFile; productRef = F48151D02AA681EB001B3640 /* NukeVideo */; };
		F48151D32AA6926F001B3640 /* Genre.swift in Sources */ = {isa = PBXBuildFile; fileRef = F48151D22AA6926F001B3640 /* Genre.swift */; };
		F48151D52AA6929A001B3640 /* GenreListResponse.swift in Sources */ = {isa = PBXBuildFile; fileRef = F48151D42AA6929A001B3640 /* GenreListResponse.swift */; };
		F48151D72AA69746001B3640 /* GenresViewModel.swift in Sources */ = {isa = PBXBuildFile; fileRef = F48151D62AA69746001B3640 /* GenresViewModel.swift */; };
		F48151DB2AA6F6DC001B3640 /* MainView.swift in Sources */ = {isa = PBXBuildFile; fileRef = F48151DA2AA6F6DC001B3640 /* MainView.swift */; };
		F48151DD2AA6F860001B3640 /* SlideshowView.swift in Sources */ = {isa = PBXBuildFile; fileRef = F48151DC2AA6F860001B3640 /* SlideshowView.swift */; };
		F48151DF2AA74E8E001B3640 /* Category.swift in Sources */ = {isa = PBXBuildFile; fileRef = F48151DE2AA74E8E001B3640 /* Category.swift */; };
		F48DD2072AB9E0C700050C57 /* OffsetKey.swift in Sources */ = {isa = PBXBuildFile; fileRef = F48DD2062AB9E0C700050C57 /* OffsetKey.swift */; };
		F48DD2092AB9FC6900050C57 /* PageControl.swift in Sources */ = {isa = PBXBuildFile; fileRef = F48DD2082AB9FC6900050C57 /* PageControl.swift */; };
		F498E6A02AE2A34700BE603C /* Credit.swift in Sources */ = {isa = PBXBuildFile; fileRef = F498E69F2AE2A34700BE603C /* Credit.swift */; };
		F498E6A22AE2BC4700BE603C /* HeadlinedCaruselView.swift in Sources */ = {isa = PBXBuildFile; fileRef = F498E6A12AE2BC4600BE603C /* HeadlinedCaruselView.swift */; };
		F498E6A42AE40DFB00BE603C /* PersonView.swift in Sources */ = {isa = PBXBuildFile; fileRef = F498E6A32AE40DFB00BE603C /* PersonView.swift */; };
		F4A3F3CC2AC08D1E00E3DB5F /* InformationView.swift in Sources */ = {isa = PBXBuildFile; fileRef = F4A3F3CB2AC08D1E00E3DB5F /* InformationView.swift */; };
		F4A3F3D02AC29B2300E3DB5F /* StudioView.swift in Sources */ = {isa = PBXBuildFile; fileRef = F4A3F3CF2AC29B2300E3DB5F /* StudioView.swift */; };
		F4A3F3D32AC2A96600E3DB5F /* CategoryView.swift in Sources */ = {isa = PBXBuildFile; fileRef = F4A3F3D22AC2A96600E3DB5F /* CategoryView.swift */; };
		F4A3F3D72AC2A9E600E3DB5F /* CategoryViewModel.swift in Sources */ = {isa = PBXBuildFile; fileRef = F4A3F3D62AC2A9E600E3DB5F /* CategoryViewModel.swift */; };
		F4EF36D32AD3E68100145467 /* SearchView.swift in Sources */ = {isa = PBXBuildFile; fileRef = F4EF36D22AD3E68100145467 /* SearchView.swift */; };
		F4EF36D82AD445E300145467 /* SearchViewModel.swift in Sources */ = {isa = PBXBuildFile; fileRef = F4EF36D72AD445E300145467 /* SearchViewModel.swift */; };
/* End PBXBuildFile section */

/* Begin PBXFileReference section */
		F402C00B2ABDAFA800B5EDED /* OpacityTransitionModifier.swift */ = {isa = PBXFileReference; lastKnownFileType = sourcecode.swift; path = OpacityTransitionModifier.swift; sourceTree = "<group>"; };
		F402C00D2ABDEAF500B5EDED /* Layout.swift */ = {isa = PBXFileReference; lastKnownFileType = sourcecode.swift; path = Layout.swift; sourceTree = "<group>"; };
		F402C00F2ABDF34300B5EDED /* HeaderView.swift */ = {isa = PBXFileReference; lastKnownFileType = sourcecode.swift; path = HeaderView.swift; sourceTree = "<group>"; };
		F402C0122ABE1E2300B5EDED /* MovieDetailView.swift */ = {isa = PBXFileReference; lastKnownFileType = sourcecode.swift; path = MovieDetailView.swift; sourceTree = "<group>"; };
		F402C0162ABE1E6600B5EDED /* MovieDetailViewModel.swift */ = {isa = PBXFileReference; lastKnownFileType = sourcecode.swift; path = MovieDetailViewModel.swift; sourceTree = "<group>"; };
		F42F4E7A2ABB8F8400C607F6 /* LaunchScreen.storyboard */ = {isa = PBXFileReference; lastKnownFileType = file.storyboard; path = LaunchScreen.storyboard; sourceTree = "<group>"; };
		F45097F52AA7AEA400B4CFC6 /* EnvironmentKeys.swift */ = {isa = PBXFileReference; lastKnownFileType = sourcecode.swift; path = EnvironmentKeys.swift; sourceTree = "<group>"; };
		F48151922AA623C8001B3640 /* Movies.app */ = {isa = PBXFileReference; explicitFileType = wrapper.application; includeInIndex = 0; path = Movies.app; sourceTree = BUILT_PRODUCTS_DIR; };
		F48151952AA623C8001B3640 /* MoviesApp.swift */ = {isa = PBXFileReference; lastKnownFileType = sourcecode.swift; path = MoviesApp.swift; sourceTree = "<group>"; };
		F48151972AA623C8001B3640 /* HomeView.swift */ = {isa = PBXFileReference; lastKnownFileType = sourcecode.swift; path = HomeView.swift; sourceTree = "<group>"; };
		F48151992AA623C9001B3640 /* Assets.xcassets */ = {isa = PBXFileReference; lastKnownFileType = folder.assetcatalog; path = Assets.xcassets; sourceTree = "<group>"; };
		F481519C2AA623C9001B3640 /* Assets.xcassets */ = {isa = PBXFileReference; lastKnownFileType = folder.assetcatalog; path = Assets.xcassets; sourceTree = "<group>"; };
		F48151A62AA624DA001B3640 /* Movie.swift */ = {isa = PBXFileReference; lastKnownFileType = sourcecode.swift; path = Movie.swift; sourceTree = "<group>"; };
		F48151A82AA62572001B3640 /* MovieListResponse.swift */ = {isa = PBXFileReference; lastKnownFileType = sourcecode.swift; path = MovieListResponse.swift; sourceTree = "<group>"; };
		F48151AB2AA629DC001B3640 /* Network.swift */ = {isa = PBXFileReference; lastKnownFileType = sourcecode.swift; path = Network.swift; sourceTree = "<group>"; };
		F48151B02AA62B26001B3640 /* Endpoint.swift */ = {isa = PBXFileReference; lastKnownFileType = sourcecode.swift; path = Endpoint.swift; sourceTree = "<group>"; };
		F48151B22AA62C62001B3640 /* EndpointPath.swift */ = {isa = PBXFileReference; lastKnownFileType = sourcecode.swift; path = EndpointPath.swift; sourceTree = "<group>"; };
		F48151B82AA62E0B001B3640 /* Extensions.swift */ = {isa = PBXFileReference; lastKnownFileType = sourcecode.swift; path = Extensions.swift; sourceTree = "<group>"; };
		F48151BB2AA6307B001B3640 /* Config.xcconfig */ = {isa = PBXFileReference; lastKnownFileType = text.xcconfig; path = Config.xcconfig; sourceTree = "<group>"; };
		F48151BC2AA631BF001B3640 /* Info.plist */ = {isa = PBXFileReference; lastKnownFileType = text.plist; path = Info.plist; sourceTree = "<group>"; };
		F48151BD2AA63B94001B3640 /* Routable.swift */ = {isa = PBXFileReference; lastKnownFileType = sourcecode.swift; path = Routable.swift; sourceTree = "<group>"; };
		F48151C22AA66664001B3640 /* MoviesViewModel.swift */ = {isa = PBXFileReference; lastKnownFileType = sourcecode.swift; path = MoviesViewModel.swift; sourceTree = "<group>"; };
		F48151C72AA67955001B3640 /* MovieCaruselView.swift */ = {isa = PBXFileReference; lastKnownFileType = sourcecode.swift; path = MovieCaruselView.swift; sourceTree = "<group>"; };
		F48151D22AA6926F001B3640 /* Genre.swift */ = {isa = PBXFileReference; lastKnownFileType = sourcecode.swift; path = Genre.swift; sourceTree = "<group>"; };
		F48151D42AA6929A001B3640 /* GenreListResponse.swift */ = {isa = PBXFileReference; lastKnownFileType = sourcecode.swift; path = GenreListResponse.swift; sourceTree = "<group>"; };
		F48151D62AA69746001B3640 /* GenresViewModel.swift */ = {isa = PBXFileReference; lastKnownFileType = sourcecode.swift; path = GenresViewModel.swift; sourceTree = "<group>"; };
		F48151DA2AA6F6DC001B3640 /* MainView.swift */ = {isa = PBXFileReference; lastKnownFileType = sourcecode.swift; path = MainView.swift; sourceTree = "<group>"; };
		F48151DC2AA6F860001B3640 /* SlideshowView.swift */ = {isa = PBXFileReference; lastKnownFileType = sourcecode.swift; path = SlideshowView.swift; sourceTree = "<group>"; };
		F48151DE2AA74E8E001B3640 /* Category.swift */ = {isa = PBXFileReference; lastKnownFileType = sourcecode.swift; path = Category.swift; sourceTree = "<group>"; };
		F48DD2062AB9E0C700050C57 /* OffsetKey.swift */ = {isa = PBXFileReference; lastKnownFileType = sourcecode.swift; path = OffsetKey.swift; sourceTree = "<group>"; };
		F48DD2082AB9FC6900050C57 /* PageControl.swift */ = {isa = PBXFileReference; fileEncoding = 4; lastKnownFileType = sourcecode.swift; path = PageControl.swift; sourceTree = "<group>"; };
		F498E69F2AE2A34700BE603C /* Credit.swift */ = {isa = PBXFileReference; lastKnownFileType = sourcecode.swift; path = Credit.swift; sourceTree = "<group>"; };
		F498E6A12AE2BC4600BE603C /* HeadlinedCaruselView.swift */ = {isa = PBXFileReference; lastKnownFileType = sourcecode.swift; path = HeadlinedCaruselView.swift; sourceTree = "<group>"; };
		F498E6A32AE40DFB00BE603C /* PersonView.swift */ = {isa = PBXFileReference; lastKnownFileType = sourcecode.swift; path = PersonView.swift; sourceTree = "<group>"; };
		F4A3F3CB2AC08D1E00E3DB5F /* InformationView.swift */ = {isa = PBXFileReference; lastKnownFileType = sourcecode.swift; path = InformationView.swift; sourceTree = "<group>"; };
		F4A3F3CF2AC29B2300E3DB5F /* StudioView.swift */ = {isa = PBXFileReference; lastKnownFileType = sourcecode.swift; path = StudioView.swift; sourceTree = "<group>"; };
		F4A3F3D22AC2A96600E3DB5F /* CategoryView.swift */ = {isa = PBXFileReference; lastKnownFileType = sourcecode.swift; path = CategoryView.swift; sourceTree = "<group>"; };
		F4A3F3D62AC2A9E600E3DB5F /* CategoryViewModel.swift */ = {isa = PBXFileReference; lastKnownFileType = sourcecode.swift; path = CategoryViewModel.swift; sourceTree = "<group>"; };
		F4EF36D22AD3E68100145467 /* SearchView.swift */ = {isa = PBXFileReference; lastKnownFileType = sourcecode.swift; path = SearchView.swift; sourceTree = "<group>"; };
		F4EF36D72AD445E300145467 /* SearchViewModel.swift */ = {isa = PBXFileReference; lastKnownFileType = sourcecode.swift; path = SearchViewModel.swift; sourceTree = "<group>"; };
/* End PBXFileReference section */

/* Begin PBXFrameworksBuildPhase section */
		F481518F2AA623C8001B3640 /* Frameworks */ = {
			isa = PBXFrameworksBuildPhase;
			buildActionMask = 2147483647;
			files = (
				F48151AF2AA62A25001B3640 /* Alamofire in Frameworks */,
				F48151CB2AA681EB001B3640 /* Nuke in Frameworks */,
				F48151D12AA681EB001B3640 /* NukeVideo in Frameworks */,
				F48151CD2AA681EB001B3640 /* NukeExtensions in Frameworks */,
				F48151CF2AA681EB001B3640 /* NukeUI in Frameworks */,
			);
			runOnlyForDeploymentPostprocessing = 0;
		};
/* End PBXFrameworksBuildPhase section */

/* Begin PBXGroup section */
		F402C0112ABE1E0A00B5EDED /* Detail */ = {
			isa = PBXGroup;
			children = (
				F402C0152ABE1E5900B5EDED /* Model */,
				F402C0142ABE1E5300B5EDED /* View */,
			);
			path = Detail;
			sourceTree = "<group>";
		};
		F402C0142ABE1E5300B5EDED /* View */ = {
			isa = PBXGroup;
			children = (
				F402C0122ABE1E2300B5EDED /* MovieDetailView.swift */,
				F498E6A12AE2BC4600BE603C /* HeadlinedCaruselView.swift */,
				F4A3F3CB2AC08D1E00E3DB5F /* InformationView.swift */,
				F4A3F3CF2AC29B2300E3DB5F /* StudioView.swift */,
				F498E6A32AE40DFB00BE603C /* PersonView.swift */,
			);
			path = View;
			sourceTree = "<group>";
		};
		F402C0152ABE1E5900B5EDED /* Model */ = {
			isa = PBXGroup;
			children = (
				F402C0162ABE1E6600B5EDED /* MovieDetailViewModel.swift */,
			);
			path = Model;
			sourceTree = "<group>";
		};
		F42F4E792ABB8F5F00C607F6 /* Launch */ = {
			isa = PBXGroup;
			children = (
				F42F4E7A2ABB8F8400C607F6 /* LaunchScreen.storyboard */,
			);
			path = Launch;
			sourceTree = "<group>";
		};
		F48151892AA623C8001B3640 = {
			isa = PBXGroup;
			children = (
				F48151942AA623C8001B3640 /* Movies */,
				F48151932AA623C8001B3640 /* Products */,
			);
			sourceTree = "<group>";
		};
		F48151932AA623C8001B3640 /* Products */ = {
			isa = PBXGroup;
			children = (
				F48151922AA623C8001B3640 /* Movies.app */,
			);
			name = Products;
			sourceTree = "<group>";
		};
		F48151942AA623C8001B3640 /* Movies */ = {
			isa = PBXGroup;
			children = (
				F48151B42AA62DCF001B3640 /* App */,
				F48151BA2AA6305D001B3640 /* Config */,
				F42F4E792ABB8F5F00C607F6 /* Launch */,
				F48151B52AA62DD6001B3640 /* Helpers */,
				F48151A32AA624C1001B3640 /* Network */,
				F48151B62AA62DE3001B3640 /* Screens */,
				F481519B2AA623C9001B3640 /* Previews */,
				F48151992AA623C9001B3640 /* Assets.xcassets */,
				F48151BC2AA631BF001B3640 /* Info.plist */,
			);
			path = Movies;
			sourceTree = "<group>";
		};
		F481519B2AA623C9001B3640 /* Previews */ = {
			isa = PBXGroup;
			children = (
				F481519C2AA623C9001B3640 /* Assets.xcassets */,
			);
			path = Previews;
			sourceTree = "<group>";
		};
		F48151A32AA624C1001B3640 /* Network */ = {
			isa = PBXGroup;
			children = (
				F48151A52AA624CE001B3640 /* Model */,
				F48151AA2AA629C5001B3640 /* Service */,
				F48151A42AA624C8001B3640 /* Response */,
			);
			path = Network;
			sourceTree = "<group>";
		};
		F48151A42AA624C8001B3640 /* Response */ = {
			isa = PBXGroup;
			children = (
				F48151A82AA62572001B3640 /* MovieListResponse.swift */,
				F48151D42AA6929A001B3640 /* GenreListResponse.swift */,
			);
			path = Response;
			sourceTree = "<group>";
		};
		F48151A52AA624CE001B3640 /* Model */ = {
			isa = PBXGroup;
			children = (
				F48151D22AA6926F001B3640 /* Genre.swift */,
				F48151A62AA624DA001B3640 /* Movie.swift */,
				F498E69F2AE2A34700BE603C /* Credit.swift */,
			);
			path = Model;
			sourceTree = "<group>";
		};
		F48151AA2AA629C5001B3640 /* Service */ = {
			isa = PBXGroup;
			children = (
				F48151AB2AA629DC001B3640 /* Network.swift */,
				F48151BD2AA63B94001B3640 /* Routable.swift */,
				F48151B02AA62B26001B3640 /* Endpoint.swift */,
				F48151B22AA62C62001B3640 /* EndpointPath.swift */,
			);
			path = Service;
			sourceTree = "<group>";
		};
		F48151B42AA62DCF001B3640 /* App */ = {
			isa = PBXGroup;
			children = (
				F48151952AA623C8001B3640 /* MoviesApp.swift */,
			);
			path = App;
			sourceTree = "<group>";
		};
		F48151B52AA62DD6001B3640 /* Helpers */ = {
			isa = PBXGroup;
			children = (
				F402C00D2ABDEAF500B5EDED /* Layout.swift */,
				F48DD2062AB9E0C700050C57 /* OffsetKey.swift */,
				F48151B82AA62E0B001B3640 /* Extensions.swift */,
				F48DD2082AB9FC6900050C57 /* PageControl.swift */,
				F45097F52AA7AEA400B4CFC6 /* EnvironmentKeys.swift */,
				F402C00B2ABDAFA800B5EDED /* OpacityTransitionModifier.swift */,
			);
			path = Helpers;
			sourceTree = "<group>";
		};
		F48151B62AA62DE3001B3640 /* Screens */ = {
			isa = PBXGroup;
			children = (
				F48151D82AA6F6C1001B3640 /* Main */,
				F48151BF2AA66647001B3640 /* Home */,
				F402C0112ABE1E0A00B5EDED /* Detail */,
				F4A3F3D12AC2A94E00E3DB5F /* Category */,
				F4EF36D12AD3E66D00145467 /* Search */,
			);
			path = Screens;
			sourceTree = "<group>";
		};
		F48151BA2AA6305D001B3640 /* Config */ = {
			isa = PBXGroup;
			children = (
				F48151BB2AA6307B001B3640 /* Config.xcconfig */,
			);
			path = Config;
			sourceTree = "<group>";
		};
		F48151BF2AA66647001B3640 /* Home */ = {
			isa = PBXGroup;
			children = (
				F48151C12AA66654001B3640 /* Model */,
				F48151C02AA6664F001B3640 /* View */,
			);
			path = Home;
			sourceTree = "<group>";
		};
		F48151C02AA6664F001B3640 /* View */ = {
			isa = PBXGroup;
			children = (
				F48151972AA623C8001B3640 /* HomeView.swift */,
				F402C00F2ABDF34300B5EDED /* HeaderView.swift */,
				F48151DC2AA6F860001B3640 /* SlideshowView.swift */,
				F48151C72AA67955001B3640 /* MovieCaruselView.swift */,
			);
			path = View;
			sourceTree = "<group>";
		};
		F48151C12AA66654001B3640 /* Model */ = {
			isa = PBXGroup;
			children = (
				F48151DE2AA74E8E001B3640 /* Category.swift */,
				F48151C22AA66664001B3640 /* MoviesViewModel.swift */,
				F48151D62AA69746001B3640 /* GenresViewModel.swift */,
			);
			path = Model;
			sourceTree = "<group>";
		};
		F48151D82AA6F6C1001B3640 /* Main */ = {
			isa = PBXGroup;
			children = (
				F48151DA2AA6F6DC001B3640 /* MainView.swift */,
			);
			path = Main;
			sourceTree = "<group>";
		};
		F4A3F3D12AC2A94E00E3DB5F /* Category */ = {
			isa = PBXGroup;
			children = (
				F4A3F3D52AC2A96D00E3DB5F /* Model */,
				F4A3F3D42AC2A96900E3DB5F /* View */,
			);
			path = Category;
			sourceTree = "<group>";
		};
		F4A3F3D42AC2A96900E3DB5F /* View */ = {
			isa = PBXGroup;
			children = (
				F4A3F3D22AC2A96600E3DB5F /* CategoryView.swift */,
			);
			path = View;
			sourceTree = "<group>";
		};
		F4A3F3D52AC2A96D00E3DB5F /* Model */ = {
			isa = PBXGroup;
			children = (
				F4A3F3D62AC2A9E600E3DB5F /* CategoryViewModel.swift */,
			);
			path = Model;
			sourceTree = "<group>";
		};
		F4EF36D12AD3E66D00145467 /* Search */ = {
			isa = PBXGroup;
			children = (
				F4EF36D62AD445D700145467 /* Model */,
				F4EF36D42AD445C900145467 /* View */,
			);
			path = Search;
			sourceTree = "<group>";
		};
		F4EF36D42AD445C900145467 /* View */ = {
			isa = PBXGroup;
			children = (
				F4EF36D22AD3E68100145467 /* SearchView.swift */,
			);
			path = View;
			sourceTree = "<group>";
		};
		F4EF36D62AD445D700145467 /* Model */ = {
			isa = PBXGroup;
			children = (
				F4EF36D72AD445E300145467 /* SearchViewModel.swift */,
			);
			path = Model;
			sourceTree = "<group>";
		};
/* End PBXGroup section */

/* Begin PBXNativeTarget section */
		F48151912AA623C8001B3640 /* Movies */ = {
			isa = PBXNativeTarget;
			buildConfigurationList = F48151A02AA623C9001B3640 /* Build configuration list for PBXNativeTarget "Movies" */;
			buildPhases = (
				F481518E2AA623C8001B3640 /* Sources */,
				F481518F2AA623C8001B3640 /* Frameworks */,
				F48151902AA623C8001B3640 /* Resources */,
			);
			buildRules = (
			);
			dependencies = (
			);
			name = Movies;
			packageProductDependencies = (
				F48151AE2AA62A25001B3640 /* Alamofire */,
				F48151CA2AA681EB001B3640 /* Nuke */,
				F48151CC2AA681EB001B3640 /* NukeExtensions */,
				F48151CE2AA681EB001B3640 /* NukeUI */,
				F48151D02AA681EB001B3640 /* NukeVideo */,
			);
			productName = Movies;
			productReference = F48151922AA623C8001B3640 /* Movies.app */;
			productType = "com.apple.product-type.application";
		};
/* End PBXNativeTarget section */

/* Begin PBXProject section */
		F481518A2AA623C8001B3640 /* Project object */ = {
			isa = PBXProject;
			attributes = {
				BuildIndependentTargetsInParallel = 1;
				LastSwiftUpdateCheck = 1430;
				LastUpgradeCheck = 1430;
				TargetAttributes = {
					F48151912AA623C8001B3640 = {
						CreatedOnToolsVersion = 14.3.1;
					};
				};
			};
			buildConfigurationList = F481518D2AA623C8001B3640 /* Build configuration list for PBXProject "Movies" */;
			compatibilityVersion = "Xcode 14.0";
			developmentRegion = en;
			hasScannedForEncodings = 0;
			knownRegions = (
				en,
				Base,
			);
			mainGroup = F48151892AA623C8001B3640;
			packageReferences = (
				F48151AD2AA62A25001B3640 /* XCRemoteSwiftPackageReference "Alamofire" */,
				F48151C92AA681EB001B3640 /* XCRemoteSwiftPackageReference "Nuke" */,
			);
			productRefGroup = F48151932AA623C8001B3640 /* Products */;
			projectDirPath = "";
			projectRoot = "";
			targets = (
				F48151912AA623C8001B3640 /* Movies */,
			);
		};
/* End PBXProject section */

/* Begin PBXResourcesBuildPhase section */
		F48151902AA623C8001B3640 /* Resources */ = {
			isa = PBXResourcesBuildPhase;
			buildActionMask = 2147483647;
			files = (
				F42F4E7B2ABB8F8400C607F6 /* LaunchScreen.storyboard in Resources */,
				F481519D2AA623C9001B3640 /* Assets.xcassets in Resources */,
				F481519A2AA623C9001B3640 /* Assets.xcassets in Resources */,
			);
			runOnlyForDeploymentPostprocessing = 0;
		};
/* End PBXResourcesBuildPhase section */

/* Begin PBXSourcesBuildPhase section */
		F481518E2AA623C8001B3640 /* Sources */ = {
			isa = PBXSourcesBuildPhase;
			buildActionMask = 2147483647;
			files = (
				F48151D52AA6929A001B3640 /* GenreListResponse.swift in Sources */,
				F48151B12AA62B26001B3640 /* Endpoint.swift in Sources */,
				F498E6A02AE2A34700BE603C /* Credit.swift in Sources */,
				F48151DF2AA74E8E001B3640 /* Category.swift in Sources */,
				F48151AC2AA629DC001B3640 /* Network.swift in Sources */,
				F48151B32AA62C62001B3640 /* EndpointPath.swift in Sources */,
				F48151D72AA69746001B3640 /* GenresViewModel.swift in Sources */,
				F402C0132ABE1E2300B5EDED /* MovieDetailView.swift in Sources */,
				F48151D32AA6926F001B3640 /* Genre.swift in Sources */,
				F402C00E2ABDEAF500B5EDED /* Layout.swift in Sources */,
				F48151C32AA66664001B3640 /* MoviesViewModel.swift in Sources */,
				F4EF36D32AD3E68100145467 /* SearchView.swift in Sources */,
				F48151B92AA62E0B001B3640 /* Extensions.swift in Sources */,
				F48151C82AA67955001B3640 /* MovieCaruselView.swift in Sources */,
				F48DD2092AB9FC6900050C57 /* PageControl.swift in Sources */,
				F48151982AA623C8001B3640 /* HomeView.swift in Sources */,
				F48151A92AA62572001B3640 /* MovieListResponse.swift in Sources */,
				F48DD2072AB9E0C700050C57 /* OffsetKey.swift in Sources */,
				F45097F62AA7AEA400B4CFC6 /* EnvironmentKeys.swift in Sources */,
				F498E6A22AE2BC4700BE603C /* HeadlinedCaruselView.swift in Sources */,
				F48151DD2AA6F860001B3640 /* SlideshowView.swift in Sources */,
				F4A3F3D72AC2A9E600E3DB5F /* CategoryViewModel.swift in Sources */,
				F402C00C2ABDAFA800B5EDED /* OpacityTransitionModifier.swift in Sources */,
				F498E6A42AE40DFB00BE603C /* PersonView.swift in Sources */,
				F48151962AA623C8001B3640 /* MoviesApp.swift in Sources */,
				F48151BE2AA63B94001B3640 /* Routable.swift in Sources */,
				F4A3F3D02AC29B2300E3DB5F /* StudioView.swift in Sources */,
				F4EF36D82AD445E300145467 /* SearchViewModel.swift in Sources */,
				F4A3F3D32AC2A96600E3DB5F /* CategoryView.swift in Sources */,
				F402C0172ABE1E6600B5EDED /* MovieDetailViewModel.swift in Sources */,
				F48151DB2AA6F6DC001B3640 /* MainView.swift in Sources */,
				F4A3F3CC2AC08D1E00E3DB5F /* InformationView.swift in Sources */,
				F402C0102ABDF34300B5EDED /* HeaderView.swift in Sources */,
				F48151A72AA624DA001B3640 /* Movie.swift in Sources */,
			);
			runOnlyForDeploymentPostprocessing = 0;
		};
/* End PBXSourcesBuildPhase section */

/* Begin XCBuildConfiguration section */
		F481519E2AA623C9001B3640 /* Debug */ = {
			isa = XCBuildConfiguration;
			baseConfigurationReference = F48151BB2AA6307B001B3640 /* Config.xcconfig */;
			buildSettings = {
				ALWAYS_SEARCH_USER_PATHS = NO;
				CLANG_ANALYZER_NONNULL = YES;
				CLANG_ANALYZER_NUMBER_OBJECT_CONVERSION = YES_AGGRESSIVE;
				CLANG_CXX_LANGUAGE_STANDARD = "gnu++20";
				CLANG_ENABLE_MODULES = YES;
				CLANG_ENABLE_OBJC_ARC = YES;
				CLANG_ENABLE_OBJC_WEAK = YES;
				CLANG_WARN_BLOCK_CAPTURE_AUTORELEASING = YES;
				CLANG_WARN_BOOL_CONVERSION = YES;
				CLANG_WARN_COMMA = YES;
				CLANG_WARN_CONSTANT_CONVERSION = YES;
				CLANG_WARN_DEPRECATED_OBJC_IMPLEMENTATIONS = YES;
				CLANG_WARN_DIRECT_OBJC_ISA_USAGE = YES_ERROR;
				CLANG_WARN_DOCUMENTATION_COMMENTS = YES;
				CLANG_WARN_EMPTY_BODY = YES;
				CLANG_WARN_ENUM_CONVERSION = YES;
				CLANG_WARN_INFINITE_RECURSION = YES;
				CLANG_WARN_INT_CONVERSION = YES;
				CLANG_WARN_NON_LITERAL_NULL_CONVERSION = YES;
				CLANG_WARN_OBJC_IMPLICIT_RETAIN_SELF = YES;
				CLANG_WARN_OBJC_LITERAL_CONVERSION = YES;
				CLANG_WARN_OBJC_ROOT_CLASS = YES_ERROR;
				CLANG_WARN_QUOTED_INCLUDE_IN_FRAMEWORK_HEADER = YES;
				CLANG_WARN_RANGE_LOOP_ANALYSIS = YES;
				CLANG_WARN_STRICT_PROTOTYPES = YES;
				CLANG_WARN_SUSPICIOUS_MOVE = YES;
				CLANG_WARN_UNGUARDED_AVAILABILITY = YES_AGGRESSIVE;
				CLANG_WARN_UNREACHABLE_CODE = YES;
				CLANG_WARN__DUPLICATE_METHOD_MATCH = YES;
				COPY_PHASE_STRIP = NO;
				DEBUG_INFORMATION_FORMAT = dwarf;
				ENABLE_STRICT_OBJC_MSGSEND = YES;
				ENABLE_TESTABILITY = YES;
				GCC_C_LANGUAGE_STANDARD = gnu11;
				GCC_DYNAMIC_NO_PIC = NO;
				GCC_NO_COMMON_BLOCKS = YES;
				GCC_OPTIMIZATION_LEVEL = 0;
				GCC_PREPROCESSOR_DEFINITIONS = (
					"DEBUG=1",
					"$(inherited)",
				);
				GCC_WARN_64_TO_32_BIT_CONVERSION = YES;
				GCC_WARN_ABOUT_RETURN_TYPE = YES_ERROR;
				GCC_WARN_UNDECLARED_SELECTOR = YES;
				GCC_WARN_UNINITIALIZED_AUTOS = YES_AGGRESSIVE;
				GCC_WARN_UNUSED_FUNCTION = YES;
				GCC_WARN_UNUSED_VARIABLE = YES;
				IPHONEOS_DEPLOYMENT_TARGET = 17.0;
				MTL_ENABLE_DEBUG_INFO = INCLUDE_SOURCE;
				MTL_FAST_MATH = YES;
				ONLY_ACTIVE_ARCH = YES;
				SDKROOT = iphoneos;
				SWIFT_ACTIVE_COMPILATION_CONDITIONS = DEBUG;
				SWIFT_OPTIMIZATION_LEVEL = "-Onone";
			};
			name = Debug;
		};
		F481519F2AA623C9001B3640 /* Release */ = {
			isa = XCBuildConfiguration;
			baseConfigurationReference = F48151BB2AA6307B001B3640 /* Config.xcconfig */;
			buildSettings = {
				ALWAYS_SEARCH_USER_PATHS = NO;
				CLANG_ANALYZER_NONNULL = YES;
				CLANG_ANALYZER_NUMBER_OBJECT_CONVERSION = YES_AGGRESSIVE;
				CLANG_CXX_LANGUAGE_STANDARD = "gnu++20";
				CLANG_ENABLE_MODULES = YES;
				CLANG_ENABLE_OBJC_ARC = YES;
				CLANG_ENABLE_OBJC_WEAK = YES;
				CLANG_WARN_BLOCK_CAPTURE_AUTORELEASING = YES;
				CLANG_WARN_BOOL_CONVERSION = YES;
				CLANG_WARN_COMMA = YES;
				CLANG_WARN_CONSTANT_CONVERSION = YES;
				CLANG_WARN_DEPRECATED_OBJC_IMPLEMENTATIONS = YES;
				CLANG_WARN_DIRECT_OBJC_ISA_USAGE = YES_ERROR;
				CLANG_WARN_DOCUMENTATION_COMMENTS = YES;
				CLANG_WARN_EMPTY_BODY = YES;
				CLANG_WARN_ENUM_CONVERSION = YES;
				CLANG_WARN_INFINITE_RECURSION = YES;
				CLANG_WARN_INT_CONVERSION = YES;
				CLANG_WARN_NON_LITERAL_NULL_CONVERSION = YES;
				CLANG_WARN_OBJC_IMPLICIT_RETAIN_SELF = YES;
				CLANG_WARN_OBJC_LITERAL_CONVERSION = YES;
				CLANG_WARN_OBJC_ROOT_CLASS = YES_ERROR;
				CLANG_WARN_QUOTED_INCLUDE_IN_FRAMEWORK_HEADER = YES;
				CLANG_WARN_RANGE_LOOP_ANALYSIS = YES;
				CLANG_WARN_STRICT_PROTOTYPES = YES;
				CLANG_WARN_SUSPICIOUS_MOVE = YES;
				CLANG_WARN_UNGUARDED_AVAILABILITY = YES_AGGRESSIVE;
				CLANG_WARN_UNREACHABLE_CODE = YES;
				CLANG_WARN__DUPLICATE_METHOD_MATCH = YES;
				COPY_PHASE_STRIP = NO;
				DEBUG_INFORMATION_FORMAT = "dwarf-with-dsym";
				ENABLE_NS_ASSERTIONS = NO;
				ENABLE_STRICT_OBJC_MSGSEND = YES;
				GCC_C_LANGUAGE_STANDARD = gnu11;
				GCC_NO_COMMON_BLOCKS = YES;
				GCC_WARN_64_TO_32_BIT_CONVERSION = YES;
				GCC_WARN_ABOUT_RETURN_TYPE = YES_ERROR;
				GCC_WARN_UNDECLARED_SELECTOR = YES;
				GCC_WARN_UNINITIALIZED_AUTOS = YES_AGGRESSIVE;
				GCC_WARN_UNUSED_FUNCTION = YES;
				GCC_WARN_UNUSED_VARIABLE = YES;
				IPHONEOS_DEPLOYMENT_TARGET = 17.0;
				MTL_ENABLE_DEBUG_INFO = NO;
				MTL_FAST_MATH = YES;
				SDKROOT = iphoneos;
				SWIFT_COMPILATION_MODE = wholemodule;
				SWIFT_OPTIMIZATION_LEVEL = "-O";
				VALIDATE_PRODUCT = YES;
			};
			name = Release;
		};
		F48151A12AA623C9001B3640 /* Debug */ = {
			isa = XCBuildConfiguration;
			buildSettings = {
				ASSETCATALOG_COMPILER_APPICON_NAME = AppIcon;
				ASSETCATALOG_COMPILER_GLOBAL_ACCENT_COLOR_NAME = AccentColor;
				CODE_SIGN_STYLE = Automatic;
				CURRENT_PROJECT_VERSION = 1;
				DEVELOPMENT_ASSET_PATHS = "\"Movies/Previews\"";
				DEVELOPMENT_TEAM = BJBR5CVTQD;
				ENABLE_PREVIEWS = YES;
				GENERATE_INFOPLIST_FILE = YES;
				INFOPLIST_FILE = Movies/Info.plist;
				INFOPLIST_KEY_UIApplicationSceneManifest_Generation = YES;
				INFOPLIST_KEY_UIApplicationSupportsIndirectInputEvents = YES;
				INFOPLIST_KEY_UILaunchStoryboardName = LaunchScreen.storyboard;
				INFOPLIST_KEY_UIRequiresFullScreen = YES;
				INFOPLIST_KEY_UIStatusBarHidden = NO;
				INFOPLIST_KEY_UIStatusBarStyle = UIStatusBarStyleLightContent;
				INFOPLIST_KEY_UISupportedInterfaceOrientations = UIInterfaceOrientationPortrait;
				INFOPLIST_KEY_UISupportedInterfaceOrientations_iPad = "UIInterfaceOrientationLandscapeLeft UIInterfaceOrientationLandscapeRight UIInterfaceOrientationPortrait";
				IPHONEOS_DEPLOYMENT_TARGET = 17.0;
				LD_RUNPATH_SEARCH_PATHS = (
					"$(inherited)",
					"@executable_path/Frameworks",
				);
				MARKETING_VERSION = 1.0;
				PRODUCT_BUNDLE_IDENTIFIER = myronishyn.ihor.Movies;
				PRODUCT_NAME = "$(TARGET_NAME)";
				SUPPORTED_PLATFORMS = "iphoneos iphonesimulator";
				SUPPORTS_MACCATALYST = NO;
				SUPPORTS_MAC_DESIGNED_FOR_IPHONE_IPAD = NO;
				SWIFT_EMIT_LOC_STRINGS = YES;
				SWIFT_VERSION = 5.0;
				TARGETED_DEVICE_FAMILY = "1,2";
			};
			name = Debug;
		};
		F48151A22AA623C9001B3640 /* Release */ = {
			isa = XCBuildConfiguration;
			buildSettings = {
				ASSETCATALOG_COMPILER_APPICON_NAME = AppIcon;
				ASSETCATALOG_COMPILER_GLOBAL_ACCENT_COLOR_NAME = AccentColor;
				CODE_SIGN_STYLE = Automatic;
				CURRENT_PROJECT_VERSION = 1;
				DEVELOPMENT_ASSET_PATHS = "\"Movies/Previews\"";
				DEVELOPMENT_TEAM = BJBR5CVTQD;
				ENABLE_PREVIEWS = YES;
				GENERATE_INFOPLIST_FILE = YES;
				INFOPLIST_FILE = Movies/Info.plist;
				INFOPLIST_KEY_UIApplicationSceneManifest_Generation = YES;
				INFOPLIST_KEY_UIApplicationSupportsIndirectInputEvents = YES;
				INFOPLIST_KEY_UILaunchStoryboardName = LaunchScreen.storyboard;
				INFOPLIST_KEY_UIRequiresFullScreen = YES;
				INFOPLIST_KEY_UIStatusBarHidden = NO;
				INFOPLIST_KEY_UIStatusBarStyle = UIStatusBarStyleLightContent;
				INFOPLIST_KEY_UISupportedInterfaceOrientations = UIInterfaceOrientationPortrait;
				INFOPLIST_KEY_UISupportedInterfaceOrientations_iPad = "UIInterfaceOrientationLandscapeLeft UIInterfaceOrientationLandscapeRight UIInterfaceOrientationPortrait";
				IPHONEOS_DEPLOYMENT_TARGET = 17.0;
				LD_RUNPATH_SEARCH_PATHS = (
					"$(inherited)",
					"@executable_path/Frameworks",
				);
				MARKETING_VERSION = 1.0;
				PRODUCT_BUNDLE_IDENTIFIER = myronishyn.ihor.Movies;
				PRODUCT_NAME = "$(TARGET_NAME)";
				SUPPORTED_PLATFORMS = "iphoneos iphonesimulator";
				SUPPORTS_MACCATALYST = NO;
				SUPPORTS_MAC_DESIGNED_FOR_IPHONE_IPAD = NO;
				SWIFT_EMIT_LOC_STRINGS = YES;
				SWIFT_VERSION = 5.0;
				TARGETED_DEVICE_FAMILY = "1,2";
			};
			name = Release;
		};
/* End XCBuildConfiguration section */

/* Begin XCConfigurationList section */
		F481518D2AA623C8001B3640 /* Build configuration list for PBXProject "Movies" */ = {
			isa = XCConfigurationList;
			buildConfigurations = (
				F481519E2AA623C9001B3640 /* Debug */,
				F481519F2AA623C9001B3640 /* Release */,
			);
			defaultConfigurationIsVisible = 0;
			defaultConfigurationName = Release;
		};
		F48151A02AA623C9001B3640 /* Build configuration list for PBXNativeTarget "Movies" */ = {
			isa = XCConfigurationList;
			buildConfigurations = (
				F48151A12AA623C9001B3640 /* Debug */,
				F48151A22AA623C9001B3640 /* Release */,
			);
			defaultConfigurationIsVisible = 0;
			defaultConfigurationName = Release;
		};
/* End XCConfigurationList section */

/* Begin XCRemoteSwiftPackageReference section */
		F48151AD2AA62A25001B3640 /* XCRemoteSwiftPackageReference "Alamofire" */ = {
			isa = XCRemoteSwiftPackageReference;
			repositoryURL = "https://github.com/Alamofire/Alamofire";
			requirement = {
				kind = exactVersion;
				version = 5.8.0;
			};
		};
		F48151C92AA681EB001B3640 /* XCRemoteSwiftPackageReference "Nuke" */ = {
			isa = XCRemoteSwiftPackageReference;
			repositoryURL = "https://github.com/kean/Nuke";
			requirement = {
				kind = exactVersion;
				version = 12.1.6;
			};
		};
/* End XCRemoteSwiftPackageReference section */

/* Begin XCSwiftPackageProductDependency section */
		F48151AE2AA62A25001B3640 /* Alamofire */ = {
			isa = XCSwiftPackageProductDependency;
			package = F48151AD2AA62A25001B3640 /* XCRemoteSwiftPackageReference "Alamofire" */;
			productName = Alamofire;
		};
		F48151CA2AA681EB001B3640 /* Nuke */ = {
			isa = XCSwiftPackageProductDependency;
			package = F48151C92AA681EB001B3640 /* XCRemoteSwiftPackageReference "Nuke" */;
			productName = Nuke;
		};
		F48151CC2AA681EB001B3640 /* NukeExtensions */ = {
			isa = XCSwiftPackageProductDependency;
			package = F48151C92AA681EB001B3640 /* XCRemoteSwiftPackageReference "Nuke" */;
			productName = NukeExtensions;
		};
		F48151CE2AA681EB001B3640 /* NukeUI */ = {
			isa = XCSwiftPackageProductDependency;
			package = F48151C92AA681EB001B3640 /* XCRemoteSwiftPackageReference "Nuke" */;
			productName = NukeUI;
		};
		F48151D02AA681EB001B3640 /* NukeVideo */ = {
			isa = XCSwiftPackageProductDependency;
			package = F48151C92AA681EB001B3640 /* XCRemoteSwiftPackageReference "Nuke" */;
			productName = NukeVideo;
		};
/* End XCSwiftPackageProductDependency section */
	};
	rootObject = F481518A2AA623C8001B3640 /* Project object */;
}
